
Microsoft Visual Studio Solution File, Format Version 12.00
# Visual Studio Version 16
VisualStudioVersion = 16.0.31729.503
MinimumVisualStudioVersion = 10.0.40219.1
Project("{9A19103F-16F7-4668-BE54-9A1E7A4F7556}") = "book-microservice", "book-microservice\book-microservice.csproj", "{3EC321DE-18A6-4DCA-A6C4-FE1C38CFBFE2}"
EndProject
Project("{9A19103F-16F7-4668-BE54-9A1E7A4F7556}") = "user-microservice", "user-microservice\user-microservice.csproj", "{1647CE0A-D699-4723-9C1B-6245B6BC9478}"
EndProject
Project("{FAE04EC0-301F-11D3-BF4B-00C04F79EFBC}") = "borrow-microservice", "borrow-microservice\borrow-microservice.csproj", "{7D95423F-CEB7-4B31-AC83-CCF0D5262730}"
EndProject
Global
	GlobalSection(SolutionConfigurationPlatforms) = preSolution
		Debug|Any CPU = Debug|Any CPU
		Release|Any CPU = Release|Any CPU
	EndGlobalSection
	GlobalSection(ProjectConfigurationPlatforms) = postSolution
		{3EC321DE-18A6-4DCA-A6C4-FE1C38CFBFE2}.Debug|Any CPU.ActiveCfg = Debug|Any CPU
		{3EC321DE-18A6-4DCA-A6C4-FE1C38CFBFE2}.Debug|Any CPU.Build.0 = Debug|Any CPU
		{3EC321DE-18A6-4DCA-A6C4-FE1C38CFBFE2}.Release|Any CPU.ActiveCfg = Release|Any CPU
		{3EC321DE-18A6-4DCA-A6C4-FE1C38CFBFE2}.Release|Any CPU.Build.0 = Release|Any CPU
		{1647CE0A-D699-4723-9C1B-6245B6BC9478}.Debug|Any CPU.ActiveCfg = Debug|Any CPU
		{1647CE0A-D699-4723-9C1B-6245B6BC9478}.Debug|Any CPU.Build.0 = Debug|Any CPU
		{1647CE0A-D699-4723-9C1B-6245B6BC9478}.Release|Any CPU.ActiveCfg = Release|Any CPU
		{1647CE0A-D699-4723-9C1B-6245B6BC9478}.Release|Any CPU.Build.0 = Release|Any CPU
		{7D95423F-CEB7-4B31-AC83-CCF0D5262730}.Debug|Any CPU.ActiveCfg = Debug|Any CPU
		{7D95423F-CEB7-4B31-AC83-CCF0D5262730}.Debug|Any CPU.Build.0 = Debug|Any CPU
		{7D95423F-CEB7-4B31-AC83-CCF0D5262730}.Release|Any CPU.ActiveCfg = Release|Any CPU
		{7D95423F-CEB7-4B31-AC83-CCF0D5262730}.Release|Any CPU.Build.0 = Release|Any CPU
	EndGlobalSection
	GlobalSection(SolutionProperties) = preSolution
		HideSolutionNode = FALSE
	EndGlobalSection
	GlobalSection(ExtensibilityGlobals) = postSolution
		SolutionGuid = {3560E4EA-DD47-4D4B-AD90-190624F44502}
	EndGlobalSection
EndGlobal
